
Microsoft Visual Studio Solution File, Format Version 12.00
Project("{FAE04EC0-301F-11D3-BF4B-00C04F79EFBC}") = "Ordering", "Ordering\Ordering.csproj", "{1610732C-7B1B-4515-8A66-038AFF10D233}"
EndProject
Project("{FAE04EC0-301F-11D3-BF4B-00C04F79EFBC}") = "Ordering.Tests", "Ordering.Tests\Ordering.Tests.csproj", "{F6C2BB1A-F899-4210-8298-AA3D52C42811}"
EndProject
Project("{FAE04EC0-301F-11D3-BF4B-00C04F79EFBC}") = "Ordering.Benchmarks", "Ordering.Benchmarks\Ordering.Benchmarks.csproj", "{8C424A8D-374A-4CC5-9831-C4B5C36475E1}"
EndProject
Global
	GlobalSection(SolutionConfigurationPlatforms) = preSolution
		Debug|Any CPU = Debug|Any CPU
		Debug|x64 = Debug|x64
		Debug|x86 = Debug|x86
		Release|Any CPU = Release|Any CPU
		Release|x64 = Release|x64
		Release|x86 = Release|x86
	EndGlobalSection
	GlobalSection(ProjectConfigurationPlatforms) = postSolution
		{1610732C-7B1B-4515-8A66-038AFF10D233}.Debug|Any CPU.ActiveCfg = Debug|Any CPU
		{1610732C-7B1B-4515-8A66-038AFF10D233}.Debug|Any CPU.Build.0 = Debug|Any CPU
		{1610732C-7B1B-4515-8A66-038AFF10D233}.Debug|x64.ActiveCfg = Debug|Any CPU
		{1610732C-7B1B-4515-8A66-038AFF10D233}.Debug|x64.Build.0 = Debug|Any CPU
		{1610732C-7B1B-4515-8A66-038AFF10D233}.Debug|x86.ActiveCfg = Debug|Any CPU
		{1610732C-7B1B-4515-8A66-038AFF10D233}.Debug|x86.Build.0 = Debug|Any CPU
		{1610732C-7B1B-4515-8A66-038AFF10D233}.Release|Any CPU.ActiveCfg = Release|Any CPU
		{1610732C-7B1B-4515-8A66-038AFF10D233}.Release|Any CPU.Build.0 = Release|Any CPU
		{1610732C-7B1B-4515-8A66-038AFF10D233}.Release|x64.ActiveCfg = Release|Any CPU
		{1610732C-7B1B-4515-8A66-038AFF10D233}.Release|x64.Build.0 = Release|Any CPU
		{1610732C-7B1B-4515-8A66-038AFF10D233}.Release|x86.ActiveCfg = Release|Any CPU
		{1610732C-7B1B-4515-8A66-038AFF10D233}.Release|x86.Build.0 = Release|Any CPU
		{F6C2BB1A-F899-4210-8298-AA3D52C42811}.Debug|Any CPU.ActiveCfg = Debug|Any CPU
		{F6C2BB1A-F899-4210-8298-AA3D52C42811}.Debug|Any CPU.Build.0 = Debug|Any CPU
		{F6C2BB1A-F899-4210-8298-AA3D52C42811}.Debug|x64.ActiveCfg = Debug|Any CPU
		{F6C2BB1A-F899-4210-8298-AA3D52C42811}.Debug|x64.Build.0 = Debug|Any CPU
		{F6C2BB1A-F899-4210-8298-AA3D52C42811}.Debug|x86.ActiveCfg = Debug|Any CPU
		{F6C2BB1A-F899-4210-8298-AA3D52C42811}.Debug|x86.Build.0 = Debug|Any CPU
		{F6C2BB1A-F899-4210-8298-AA3D52C42811}.Release|Any CPU.ActiveCfg = Release|Any CPU
		{F6C2BB1A-F899-4210-8298-AA3D52C42811}.Release|Any CPU.Build.0 = Release|Any CPU
		{F6C2BB1A-F899-4210-8298-AA3D52C42811}.Release|x64.ActiveCfg = Release|Any CPU
		{F6C2BB1A-F899-4210-8298-AA3D52C42811}.Release|x64.Build.0 = Release|Any CPU
		{F6C2BB1A-F899-4210-8298-AA3D52C42811}.Release|x86.ActiveCfg = Release|Any CPU
		{F6C2BB1A-F899-4210-8298-AA3D52C42811}.Release|x86.Build.0 = Release|Any CPU
		{8C424A8D-374A-4CC5-9831-C4B5C36475E1}.Debug|Any CPU.ActiveCfg = Debug|Any CPU
		{8C424A8D-374A-4CC5-9831-C4B5C36475E1}.Debug|Any CPU.Build.0 = Debug|Any CPU
		{8C424A8D-374A-4CC5-9831-C4B5C36475E1}.Debug|x64.ActiveCfg = Debug|Any CPU
		{8C424A8D-374A-4CC5-9831-C4B5C36475E1}.Debug|x64.Build.0 = Debug|Any CPU
		{8C424A8D-374A-4CC5-9831-C4B5C36475E1}.Debug|x86.ActiveCfg = Debug|Any CPU
		{8C424A8D-374A-4CC5-9831-C4B5C36475E1}.Debug|x86.Build.0 = Debug|Any CPU
		{8C424A8D-374A-4CC5-9831-C4B5C36475E1}.Release|Any CPU.ActiveCfg = Release|Any CPU
		{8C424A8D-374A-4CC5-9831-C4B5C36475E1}.Release|Any CPU.Build.0 = Release|Any CPU
		{8C424A8D-374A-4CC5-9831-C4B5C36475E1}.Release|x64.ActiveCfg = Release|Any CPU
		{8C424A8D-374A-4CC5-9831-C4B5C36475E1}.Release|x64.Build.0 = Release|Any CPU
		{8C424A8D-374A-4CC5-9831-C4B5C36475E1}.Release|x86.ActiveCfg = Release|Any CPU
		{8C424A8D-374A-4CC5-9831-C4B5C36475E1}.Release|x86.Build.0 = Release|Any CPU
	EndGlobalSection
	GlobalSection(SolutionProperties) = preSolution
		HideSolutionNode = FALSE
	EndGlobalSection
EndGlobal
